# This file is automatically @generated by Cargo.
# It is not intended for manual editing.
[[package]]
name = "some-dream"
version = "0.1.0"
dependencies = [
 "text_io 0.1.8 (registry+https://github.com/rust-lang/crates.io-index)",
]

[[package]]
name = "text_io"
version = "0.1.8"
source = "registry+https://github.com/rust-lang/crates.io-index"

[metadata]
"checksum text_io 0.1.8 (registry+https://github.com/rust-lang/crates.io-index)" = "6cb170b4f47dc48835fbc56259c12d8963e542b05a24be2e3a1f5a6c320fd2d4"
